{
  "name": "flesh-and-bones",
  "lockfileVersion": 3,
  "requires": true,
  "packages": {
    "": {
      "dependencies": {
        "@lucien144/vue3-parallaxy": "^0.1.2"
      }
    },
    "node_modules/@lucien144/vue3-parallaxy": {
      "version": "0.1.2",
      "resolved": "https://registry.npmjs.org/@lucien144/vue3-parallaxy/-/vue3-parallaxy-0.1.2.tgz",
      "integrity": "sha512-hYrYLpMSjql0kOUNqK/xUKLxqs3XZmxiCCaKsyXOrXYFFLAFQkxUcWsa7LftvF9wkJ7VV7LQYEj3vyUMwng1Jw=="
    }
  }
}
